
Microsoft Visual Studio Solution File, Format Version 11.00
# Visual Studio 2010
Project("{FAE04EC0-301F-11D3-BF4B-00C04F79EFBC}") = "Bingo", "Bingo\Bingo.csproj", "{B9C01086-69A4-4425-8C43-5D2CD0ED854F}"
EndProject
Global
	GlobalSection(SolutionConfigurationPlatforms) = preSolution
		Debug|x86 = Debug|x86
		Release|x86 = Release|x86
	EndGlobalSection
	GlobalSection(ProjectConfigurationPlatforms) = postSolution
		{B9C01086-69A4-4425-8C43-5D2CD0ED854F}.Debug|x86.ActiveCfg = Debug|x86
		{B9C01086-69A4-4425-8C43-5D2CD0ED854F}.Debug|x86.Build.0 = Debug|x86
		{B9C01086-69A4-4425-8C43-5D2CD0ED854F}.Release|x86.ActiveCfg = Release|x86
		{B9C01086-69A4-4425-8C43-5D2CD0ED854F}.Release|x86.Build.0 = Release|x86
	EndGlobalSection
	GlobalSection(MonoDevelopProperties) = preSolution
		StartupItem = Bingo\Bingo.csproj
	EndGlobalSection
EndGlobal
